// !$*UTF8*$!
{
	archiveVersion = 1;
	classes = {
	};
	objectVersion = 48;
	objects = {

/* Begin PBXBuildFile section */
		711C36FC1FB9719D00784EF1 /* AppDelegate.swift in Sources */ = {isa = PBXBuildFile; fileRef = 711C36FB1FB9719D00784EF1 /* AppDelegate.swift */; };
		711C36FE1FB9719D00784EF1 /* ViewController.swift in Sources */ = {isa = PBXBuildFile; fileRef = 711C36FD1FB9719D00784EF1 /* ViewController.swift */; };
		711C37001FB9719D00784EF1 /* Document.swift in Sources */ = {isa = PBXBuildFile; fileRef = 711C36FF1FB9719D00784EF1 /* Document.swift */; };
		711C37031FB9719D00784EF1 /* Document.xcdatamodeld in Sources */ = {isa = PBXBuildFile; fileRef = 711C37011FB9719D00784EF1 /* Document.xcdatamodeld */; };
		711C37051FB9719D00784EF1 /* Assets.xcassets in Resources */ = {isa = PBXBuildFile; fileRef = 711C37041FB9719D00784EF1 /* Assets.xcassets */; };
		711C37081FB9719D00784EF1 /* Main.storyboard in Resources */ = {isa = PBXBuildFile; fileRef = 711C37061FB9719D00784EF1 /* Main.storyboard */; };
		711C37141FB9719D00784EF1 /* ScorseroTests.swift in Sources */ = {isa = PBXBuildFile; fileRef = 711C37131FB9719D00784EF1 /* ScorseroTests.swift */; };
		711C371F1FB9719D00784EF1 /* ScorseroUITests.swift in Sources */ = {isa = PBXBuildFile; fileRef = 711C371E1FB9719D00784EF1 /* ScorseroUITests.swift */; };
		711C372D1FB9736F00784EF1 /* StatusBarController.swift in Sources */ = {isa = PBXBuildFile; fileRef = 711C372C1FB9736F00784EF1 /* StatusBarController.swift */; };
/* End PBXBuildFile section */

/* Begin PBXContainerItemProxy section */
		711C37101FB9719D00784EF1 /* PBXContainerItemProxy */ = {
			isa = PBXContainerItemProxy;
			containerPortal = 711C36F01FB9719D00784EF1 /* Project object */;
			proxyType = 1;
			remoteGlobalIDString = 711C36F71FB9719D00784EF1;
			remoteInfo = Scorsero;
		};
		711C371B1FB9719D00784EF1 /* PBXContainerItemProxy */ = {
			isa = PBXContainerItemProxy;
			containerPortal = 711C36F01FB9719D00784EF1 /* Project object */;
			proxyType = 1;
			remoteGlobalIDString = 711C36F71FB9719D00784EF1;
			remoteInfo = Scorsero;
		};
/* End PBXContainerItemProxy section */

/* Begin PBXFileReference section */
		711C36F81FB9719D00784EF1 /* Scorsero.app */ = {isa = PBXFileReference; explicitFileType = wrapper.application; includeInIndex = 0; path = Scorsero.app; sourceTree = BUILT_PRODUCTS_DIR; };
		711C36FB1FB9719D00784EF1 /* AppDelegate.swift */ = {isa = PBXFileReference; lastKnownFileType = sourcecode.swift; path = AppDelegate.swift; sourceTree = "<group>"; };
		711C36FD1FB9719D00784EF1 /* ViewController.swift */ = {isa = PBXFileReference; lastKnownFileType = sourcecode.swift; path = ViewController.swift; sourceTree = "<group>"; };
		711C36FF1FB9719D00784EF1 /* Document.swift */ = {isa = PBXFileReference; lastKnownFileType = sourcecode.swift; path = Document.swift; sourceTree = "<group>"; };
		711C37021FB9719D00784EF1 /* Document.xcdatamodel */ = {isa = PBXFileReference; lastKnownFileType = wrapper.xcdatamodel; path = Document.xcdatamodel; sourceTree = "<group>"; };
		711C37041FB9719D00784EF1 /* Assets.xcassets */ = {isa = PBXFileReference; lastKnownFileType = folder.assetcatalog; path = Assets.xcassets; sourceTree = "<group>"; };
		711C37071FB9719D00784EF1 /* Base */ = {isa = PBXFileReference; lastKnownFileType = file.storyboard; name = Base; path = Base.lproj/Main.storyboard; sourceTree = "<group>"; };
		711C37091FB9719D00784EF1 /* Info.plist */ = {isa = PBXFileReference; lastKnownFileType = text.plist.xml; path = Info.plist; sourceTree = "<group>"; };
		711C370A1FB9719D00784EF1 /* Scorsero.entitlements */ = {isa = PBXFileReference; lastKnownFileType = text.plist.entitlements; path = Scorsero.entitlements; sourceTree = "<group>"; };
		711C370F1FB9719D00784EF1 /* ScorseroTests.xctest */ = {isa = PBXFileReference; explicitFileType = wrapper.cfbundle; includeInIndex = 0; path = ScorseroTests.xctest; sourceTree = BUILT_PRODUCTS_DIR; };
		711C37131FB9719D00784EF1 /* ScorseroTests.swift */ = {isa = PBXFileReference; lastKnownFileType = sourcecode.swift; path = ScorseroTests.swift; sourceTree = "<group>"; };
		711C37151FB9719D00784EF1 /* Info.plist */ = {isa = PBXFileReference; lastKnownFileType = text.plist.xml; path = Info.plist; sourceTree = "<group>"; };
		711C371A1FB9719D00784EF1 /* ScorseroUITests.xctest */ = {isa = PBXFileReference; explicitFileType = wrapper.cfbundle; includeInIndex = 0; path = ScorseroUITests.xctest; sourceTree = BUILT_PRODUCTS_DIR; };
		711C371E1FB9719D00784EF1 /* ScorseroUITests.swift */ = {isa = PBXFileReference; lastKnownFileType = sourcecode.swift; path = ScorseroUITests.swift; sourceTree = "<group>"; };
		711C37201FB9719D00784EF1 /* Info.plist */ = {isa = PBXFileReference; lastKnownFileType = text.plist.xml; path = Info.plist; sourceTree = "<group>"; };
		711C372C1FB9736F00784EF1 /* StatusBarController.swift */ = {isa = PBXFileReference; lastKnownFileType = sourcecode.swift; name = StatusBarController.swift; path = tray/StatusBarController.swift; sourceTree = "<group>"; };
/* End PBXFileReference section */

/* Begin PBXFrameworksBuildPhase section */
		711C36F51FB9719D00784EF1 /* Frameworks */ = {
			isa = PBXFrameworksBuildPhase;
			buildActionMask = 2147483647;
			files = (
			);
			runOnlyForDeploymentPostprocessing = 0;
		};
		711C370C1FB9719D00784EF1 /* Frameworks */ = {
			isa = PBXFrameworksBuildPhase;
			buildActionMask = 2147483647;
			files = (
			);
			runOnlyForDeploymentPostprocessing = 0;
		};
		711C37171FB9719D00784EF1 /* Frameworks */ = {
			isa = PBXFrameworksBuildPhase;
			buildActionMask = 2147483647;
			files = (
			);
			runOnlyForDeploymentPostprocessing = 0;
		};
/* End PBXFrameworksBuildPhase section */

/* Begin PBXGroup section */
		711C36EF1FB9719D00784EF1 = {
			isa = PBXGroup;
			children = (
				711C36FA1FB9719D00784EF1 /* Scorsero */,
				711C37121FB9719D00784EF1 /* ScorseroTests */,
				711C371D1FB9719D00784EF1 /* ScorseroUITests */,
				711C36F91FB9719D00784EF1 /* Products */,
			);
			sourceTree = "<group>";
		};
		711C36F91FB9719D00784EF1 /* Products */ = {
			isa = PBXGroup;
			children = (
				711C36F81FB9719D00784EF1 /* Scorsero.app */,
				711C370F1FB9719D00784EF1 /* ScorseroTests.xctest */,
				711C371A1FB9719D00784EF1 /* ScorseroUITests.xctest */,
			);
			name = Products;
			sourceTree = "<group>";
		};
		711C36FA1FB9719D00784EF1 /* Scorsero */ = {
			isa = PBXGroup;
			children = (
				711C36FB1FB9719D00784EF1 /* AppDelegate.swift */,
				711C36FD1FB9719D00784EF1 /* ViewController.swift */,
				711C36FF1FB9719D00784EF1 /* Document.swift */,
				711C37041FB9719D00784EF1 /* Assets.xcassets */,
				711C37061FB9719D00784EF1 /* Main.storyboard */,
				711C37091FB9719D00784EF1 /* Info.plist */,
				711C370A1FB9719D00784EF1 /* Scorsero.entitlements */,
				711C37011FB9719D00784EF1 /* Document.xcdatamodeld */,
				711C372C1FB9736F00784EF1 /* StatusBarController.swift */,
			);
			path = Scorsero;
			sourceTree = "<group>";
		};
		711C37121FB9719D00784EF1 /* ScorseroTests */ = {
			isa = PBXGroup;
			children = (
				711C37131FB9719D00784EF1 /* ScorseroTests.swift */,
				711C37151FB9719D00784EF1 /* Info.plist */,
			);
			path = ScorseroTests;
			sourceTree = "<group>";
		};
		711C371D1FB9719D00784EF1 /* ScorseroUITests */ = {
			isa = PBXGroup;
			children = (
				711C371E1FB9719D00784EF1 /* ScorseroUITests.swift */,
				711C37201FB9719D00784EF1 /* Info.plist */,
			);
			path = ScorseroUITests;
			sourceTree = "<group>";
		};
/* End PBXGroup section */

/* Begin PBXNativeTarget section */
		711C36F71FB9719D00784EF1 /* Scorsero */ = {
			isa = PBXNativeTarget;
			buildConfigurationList = 711C37231FB9719D00784EF1 /* Build configuration list for PBXNativeTarget "Scorsero" */;
			buildPhases = (
				711C36F41FB9719D00784EF1 /* Sources */,
				711C36F51FB9719D00784EF1 /* Frameworks */,
				711C36F61FB9719D00784EF1 /* Resources */,
			);
			buildRules = (
			);
			dependencies = (
			);
			name = Scorsero;
			productName = Scorsero;
			productReference = 711C36F81FB9719D00784EF1 /* Scorsero.app */;
			productType = "com.apple.product-type.application";
		};
		711C370E1FB9719D00784EF1 /* ScorseroTests */ = {
			isa = PBXNativeTarget;
			buildConfigurationList = 711C37261FB9719D00784EF1 /* Build configuration list for PBXNativeTarget "ScorseroTests" */;
			buildPhases = (
				711C370B1FB9719D00784EF1 /* Sources */,
				711C370C1FB9719D00784EF1 /* Frameworks */,
				711C370D1FB9719D00784EF1 /* Resources */,
			);
			buildRules = (
			);
			dependencies = (
				711C37111FB9719D00784EF1 /* PBXTargetDependency */,
			);
			name = ScorseroTests;
			productName = ScorseroTests;
			productReference = 711C370F1FB9719D00784EF1 /* ScorseroTests.xctest */;
			productType = "com.apple.product-type.bundle.unit-test";
		};
		711C37191FB9719D00784EF1 /* ScorseroUITests */ = {
			isa = PBXNativeTarget;
			buildConfigurationList = 711C37291FB9719D00784EF1 /* Build configuration list for PBXNativeTarget "ScorseroUITests" */;
			buildPhases = (
				711C37161FB9719D00784EF1 /* Sources */,
				711C37171FB9719D00784EF1 /* Frameworks */,
				711C37181FB9719D00784EF1 /* Resources */,
			);
			buildRules = (
			);
			dependencies = (
				711C371C1FB9719D00784EF1 /* PBXTargetDependency */,
			);
			name = ScorseroUITests;
			productName = ScorseroUITests;
			productReference = 711C371A1FB9719D00784EF1 /* ScorseroUITests.xctest */;
			productType = "com.apple.product-type.bundle.ui-testing";
		};
/* End PBXNativeTarget section */

/* Begin PBXProject section */
		711C36F01FB9719D00784EF1 /* Project object */ = {
			isa = PBXProject;
			attributes = {
				LastSwiftUpdateCheck = 0900;
				LastUpgradeCheck = 0900;
				ORGANIZATIONNAME = Scorsero;
				TargetAttributes = {
					711C36F71FB9719D00784EF1 = {
						CreatedOnToolsVersion = 9.0;
						ProvisioningStyle = Automatic;
					};
					711C370E1FB9719D00784EF1 = {
						CreatedOnToolsVersion = 9.0;
						ProvisioningStyle = Automatic;
						TestTargetID = 711C36F71FB9719D00784EF1;
					};
					711C37191FB9719D00784EF1 = {
						CreatedOnToolsVersion = 9.0;
						ProvisioningStyle = Automatic;
						TestTargetID = 711C36F71FB9719D00784EF1;
					};
				};
			};
			buildConfigurationList = 711C36F31FB9719D00784EF1 /* Build configuration list for PBXProject "Scorsero" */;
			compatibilityVersion = "Xcode 8.0";
			developmentRegion = en;
			hasScannedForEncodings = 0;
			knownRegions = (
				en,
				Base,
			);
			mainGroup = 711C36EF1FB9719D00784EF1;
			productRefGroup = 711C36F91FB9719D00784EF1 /* Products */;
			projectDirPath = "";
			projectRoot = "";
			targets = (
				711C36F71FB9719D00784EF1 /* Scorsero */,
				711C370E1FB9719D00784EF1 /* ScorseroTests */,
				711C37191FB9719D00784EF1 /* ScorseroUITests */,
			);
		};
/* End PBXProject section */

/* Begin PBXResourcesBuildPhase section */
		711C36F61FB9719D00784EF1 /* Resources */ = {
			isa = PBXResourcesBuildPhase;
			buildActionMask = 2147483647;
			files = (
				711C37051FB9719D00784EF1 /* Assets.xcassets in Resources */,
				711C37081FB9719D00784EF1 /* Main.storyboard in Resources */,
			);
			runOnlyForDeploymentPostprocessing = 0;
		};
		711C370D1FB9719D00784EF1 /* Resources */ = {
			isa = PBXResourcesBuildPhase;
			buildActionMask = 2147483647;
			files = (
			);
			runOnlyForDeploymentPostprocessing = 0;
		};
		711C37181FB9719D00784EF1 /* Resources */ = {
			isa = PBXResourcesBuildPhase;
			buildActionMask = 2147483647;
			files = (
			);
			runOnlyForDeploymentPostprocessing = 0;
		};
/* End PBXResourcesBuildPhase section */

/* Begin PBXSourcesBuildPhase section */
		711C36F41FB9719D00784EF1 /* Sources */ = {
			isa = PBXSourcesBuildPhase;
			buildActionMask = 2147483647;
			files = (
				711C37031FB9719D00784EF1 /* Document.xcdatamodeld in Sources */,
				711C36FE1FB9719D00784EF1 /* ViewController.swift in Sources */,
				711C36FC1FB9719D00784EF1 /* AppDelegate.swift in Sources */,
				711C372D1FB9736F00784EF1 /* StatusBarController.swift in Sources */,
				711C37001FB9719D00784EF1 /* Document.swift in Sources */,
			);
			runOnlyForDeploymentPostprocessing = 0;
		};
		711C370B1FB9719D00784EF1 /* Sources */ = {
			isa = PBXSourcesBuildPhase;
			buildActionMask = 2147483647;
			files = (
				711C37141FB9719D00784EF1 /* ScorseroTests.swift in Sources */,
			);
			runOnlyForDeploymentPostprocessing = 0;
		};
		711C37161FB9719D00784EF1 /* Sources */ = {
			isa = PBXSourcesBuildPhase;
			buildActionMask = 2147483647;
			files = (
				711C371F1FB9719D00784EF1 /* ScorseroUITests.swift in Sources */,
			);
			runOnlyForDeploymentPostprocessing = 0;
		};
/* End PBXSourcesBuildPhase section */

/* Begin PBXTargetDependency section */
		711C37111FB9719D00784EF1 /* PBXTargetDependency */ = {
			isa = PBXTargetDependency;
			target = 711C36F71FB9719D00784EF1 /* Scorsero */;
			targetProxy = 711C37101FB9719D00784EF1 /* PBXContainerItemProxy */;
		};
		711C371C1FB9719D00784EF1 /* PBXTargetDependency */ = {
			isa = PBXTargetDependency;
			target = 711C36F71FB9719D00784EF1 /* Scorsero */;
			targetProxy = 711C371B1FB9719D00784EF1 /* PBXContainerItemProxy */;
		};
/* End PBXTargetDependency section */

/* Begin PBXVariantGroup section */
		711C37061FB9719D00784EF1 /* Main.storyboard */ = {
			isa = PBXVariantGroup;
			children = (
				711C37071FB9719D00784EF1 /* Base */,
			);
			name = Main.storyboard;
			sourceTree = "<group>";
		};
/* End PBXVariantGroup section */

/* Begin XCBuildConfiguration section */
		711C37211FB9719D00784EF1 /* Debug */ = {
			isa = XCBuildConfiguration;
			buildSettings = {
				ALWAYS_SEARCH_USER_PATHS = NO;
				CLANG_ANALYZER_NONNULL = YES;
				CLANG_ANALYZER_NUMBER_OBJECT_CONVERSION = YES_AGGRESSIVE;
				CLANG_CXX_LANGUAGE_STANDARD = "gnu++14";
				CLANG_CXX_LIBRARY = "libc++";
				CLANG_ENABLE_MODULES = YES;
				CLANG_ENABLE_OBJC_ARC = YES;
				CLANG_WARN_BLOCK_CAPTURE_AUTORELEASING = YES;
				CLANG_WARN_BOOL_CONVERSION = YES;
				CLANG_WARN_COMMA = YES;
				CLANG_WARN_CONSTANT_CONVERSION = YES;
				CLANG_WARN_DIRECT_OBJC_ISA_USAGE = YES_ERROR;
				CLANG_WARN_DOCUMENTATION_COMMENTS = YES;
				CLANG_WARN_EMPTY_BODY = YES;
				CLANG_WARN_ENUM_CONVERSION = YES;
				CLANG_WARN_INFINITE_RECURSION = YES;
				CLANG_WARN_INT_CONVERSION = YES;
				CLANG_WARN_NON_LITERAL_NULL_CONVERSION = YES;
				CLANG_WARN_OBJC_LITERAL_CONVERSION = YES;
				CLANG_WARN_OBJC_ROOT_CLASS = YES_ERROR;
				CLANG_WARN_RANGE_LOOP_ANALYSIS = YES;
				CLANG_WARN_STRICT_PROTOTYPES = YES;
				CLANG_WARN_SUSPICIOUS_MOVE = YES;
				CLANG_WARN_UNGUARDED_AVAILABILITY = YES_AGGRESSIVE;
				CLANG_WARN_UNREACHABLE_CODE = YES;
				CLANG_WARN__DUPLICATE_METHOD_MATCH = YES;
				CODE_SIGN_IDENTITY = "Mac Developer";
				COPY_PHASE_STRIP = NO;
				DEBUG_INFORMATION_FORMAT = dwarf;
				ENABLE_STRICT_OBJC_MSGSEND = YES;
				ENABLE_TESTABILITY = YES;
				GCC_C_LANGUAGE_STANDARD = gnu11;
				GCC_DYNAMIC_NO_PIC = NO;
				GCC_NO_COMMON_BLOCKS = YES;
				GCC_OPTIMIZATION_LEVEL = 0;
				GCC_PREPROCESSOR_DEFINITIONS = (
					"DEBUG=1",
					"$(inherited)",
				);
				GCC_WARN_64_TO_32_BIT_CONVERSION = YES;
				GCC_WARN_ABOUT_RETURN_TYPE = YES_ERROR;
				GCC_WARN_UNDECLARED_SELECTOR = YES;
				GCC_WARN_UNINITIALIZED_AUTOS = YES_AGGRESSIVE;
				GCC_WARN_UNUSED_FUNCTION = YES;
				GCC_WARN_UNUSED_VARIABLE = YES;
				MACOSX_DEPLOYMENT_TARGET = 10.13;
				MTL_ENABLE_DEBUG_INFO = YES;
				ONLY_ACTIVE_ARCH = YES;
				SDKROOT = macosx;
				SWIFT_ACTIVE_COMPILATION_CONDITIONS = DEBUG;
				SWIFT_OPTIMIZATION_LEVEL = "-Onone";
			};
			name = Debug;
		};
		711C37221FB9719D00784EF1 /* Release */ = {
			isa = XCBuildConfiguration;
			buildSettings = {
				ALWAYS_SEARCH_USER_PATHS = NO;
				CLANG_ANALYZER_NONNULL = YES;
				CLANG_ANALYZER_NUMBER_OBJECT_CONVERSION = YES_AGGRESSIVE;
				CLANG_CXX_LANGUAGE_STANDARD = "gnu++14";
				CLANG_CXX_LIBRARY = "libc++";
				CLANG_ENABLE_MODULES = YES;
				CLANG_ENABLE_OBJC_ARC = YES;
				CLANG_WARN_BLOCK_CAPTURE_AUTORELEASING = YES;
				CLANG_WARN_BOOL_CONVERSION = YES;
				CLANG_WARN_COMMA = YES;
				CLANG_WARN_CONSTANT_CONVERSION = YES;
				CLANG_WARN_DIRECT_OBJC_ISA_USAGE = YES_ERROR;
				CLANG_WARN_DOCUMENTATION_COMMENTS = YES;
				CLANG_WARN_EMPTY_BODY = YES;
				CLANG_WARN_ENUM_CONVERSION = YES;
				CLANG_WARN_INFINITE_RECURSION = YES;
				CLANG_WARN_INT_CONVERSION = YES;
				CLANG_WARN_NON_LITERAL_NULL_CONVERSION = YES;
				CLANG_WARN_OBJC_LITERAL_CONVERSION = YES;
				CLANG_WARN_OBJC_ROOT_CLASS = YES_ERROR;
				CLANG_WARN_RANGE_LOOP_ANALYSIS = YES;
				CLANG_WARN_STRICT_PROTOTYPES = YES;
				CLANG_WARN_SUSPICIOUS_MOVE = YES;
				CLANG_WARN_UNGUARDED_AVAILABILITY = YES_AGGRESSIVE;
				CLANG_WARN_UNREACHABLE_CODE = YES;
				CLANG_WARN__DUPLICATE_METHOD_MATCH = YES;
				CODE_SIGN_IDENTITY = "Mac Developer";
				COPY_PHASE_STRIP = NO;
				DEBUG_INFORMATION_FORMAT = "dwarf-with-dsym";
				ENABLE_NS_ASSERTIONS = NO;
				ENABLE_STRICT_OBJC_MSGSEND = YES;
				GCC_C_LANGUAGE_STANDARD = gnu11;
				GCC_NO_COMMON_BLOCKS = YES;
				GCC_WARN_64_TO_32_BIT_CONVERSION = YES;
				GCC_WARN_ABOUT_RETURN_TYPE = YES_ERROR;
				GCC_WARN_UNDECLARED_SELECTOR = YES;
				GCC_WARN_UNINITIALIZED_AUTOS = YES_AGGRESSIVE;
				GCC_WARN_UNUSED_FUNCTION = YES;
				GCC_WARN_UNUSED_VARIABLE = YES;
				MACOSX_DEPLOYMENT_TARGET = 10.13;
				MTL_ENABLE_DEBUG_INFO = NO;
				SDKROOT = macosx;
				SWIFT_OPTIMIZATION_LEVEL = "-Owholemodule";
			};
			name = Release;
		};
		711C37241FB9719D00784EF1 /* Debug */ = {
			isa = XCBuildConfiguration;
			buildSettings = {
				ASSETCATALOG_COMPILER_APPICON_NAME = AppIcon;
				CODE_SIGN_ENTITLEMENTS = Scorsero/Scorsero.entitlements;
				CODE_SIGN_STYLE = Automatic;
				COMBINE_HIDPI_IMAGES = YES;
				DEVELOPMENT_TEAM = 82J4AE5QN9;
				INFOPLIST_FILE = Scorsero/Info.plist;
				LD_RUNPATH_SEARCH_PATHS = "$(inherited) @executable_path/../Frameworks";
				PRODUCT_BUNDLE_IDENTIFIER = io.github.scorsero.Scorsero;
				PRODUCT_NAME = "$(TARGET_NAME)";
				SWIFT_VERSION = 4.0;
			};
			name = Debug;
		};
		711C37251FB9719D00784EF1 /* Release */ = {
			isa = XCBuildConfiguration;
			buildSettings = {
				ASSETCATALOG_COMPILER_APPICON_NAME = AppIcon;
				CODE_SIGN_ENTITLEMENTS = Scorsero/Scorsero.entitlements;
				CODE_SIGN_STYLE = Automatic;
				COMBINE_HIDPI_IMAGES = YES;
				DEVELOPMENT_TEAM = 82J4AE5QN9;
				INFOPLIST_FILE = Scorsero/Info.plist;
				LD_RUNPATH_SEARCH_PATHS = "$(inherited) @executable_path/../Frameworks";
				PRODUCT_BUNDLE_IDENTIFIER = io.github.scorsero.Scorsero;
				PRODUCT_NAME = "$(TARGET_NAME)";
				SWIFT_VERSION = 4.0;
			};
			name = Release;
		};
		711C37271FB9719D00784EF1 /* Debug */ = {
			isa = XCBuildConfiguration;
			buildSettings = {
				ALWAYS_EMBED_SWIFT_STANDARD_LIBRARIES = YES;
				BUNDLE_LOADER = "$(TEST_HOST)";
				CODE_SIGN_STYLE = Automatic;
				COMBINE_HIDPI_IMAGES = YES;
				DEVELOPMENT_TEAM = 82J4AE5QN9;
				INFOPLIST_FILE = ScorseroTests/Info.plist;
				LD_RUNPATH_SEARCH_PATHS = "$(inherited) @executable_path/../Frameworks @loader_path/../Frameworks";
				PRODUCT_BUNDLE_IDENTIFIER = io.github.scorsero.ScorseroTests;
				PRODUCT_NAME = "$(TARGET_NAME)";
				SWIFT_VERSION = 4.0;
				TEST_HOST = "$(BUILT_PRODUCTS_DIR)/Scorsero.app/Contents/MacOS/Scorsero";
			};
			name = Debug;
		};
		711C37281FB9719D00784EF1 /* Release */ = {
			isa = XCBuildConfiguration;
			buildSettings = {
				ALWAYS_EMBED_SWIFT_STANDARD_LIBRARIES = YES;
				BUNDLE_LOADER = "$(TEST_HOST)";
				CODE_SIGN_STYLE = Automatic;
				COMBINE_HIDPI_IMAGES = YES;
				DEVELOPMENT_TEAM = 82J4AE5QN9;
				INFOPLIST_FILE = ScorseroTests/Info.plist;
				LD_RUNPATH_SEARCH_PATHS = "$(inherited) @executable_path/../Frameworks @loader_path/../Frameworks";
				PRODUCT_BUNDLE_IDENTIFIER = io.github.scorsero.ScorseroTests;
				PRODUCT_NAME = "$(TARGET_NAME)";
				SWIFT_VERSION = 4.0;
				TEST_HOST = "$(BUILT_PRODUCTS_DIR)/Scorsero.app/Contents/MacOS/Scorsero";
			};
			name = Release;
		};
		711C372A1FB9719D00784EF1 /* Debug */ = {
			isa = XCBuildConfiguration;
			buildSettings = {
				ALWAYS_EMBED_SWIFT_STANDARD_LIBRARIES = YES;
				CODE_SIGN_STYLE = Automatic;
				COMBINE_HIDPI_IMAGES = YES;
				DEVELOPMENT_TEAM = 82J4AE5QN9;
				INFOPLIST_FILE = ScorseroUITests/Info.plist;
				LD_RUNPATH_SEARCH_PATHS = "$(inherited) @executable_path/../Frameworks @loader_path/../Frameworks";
				PRODUCT_BUNDLE_IDENTIFIER = io.github.scorsero.ScorseroUITests;
				PRODUCT_NAME = "$(TARGET_NAME)";
				SWIFT_VERSION = 4.0;
				TEST_TARGET_NAME = Scorsero;
			};
			name = Debug;
		};
		711C372B1FB9719D00784EF1 /* Release */ = {
			isa = XCBuildConfiguration;
			buildSettings = {
				ALWAYS_EMBED_SWIFT_STANDARD_LIBRARIES = YES;
				CODE_SIGN_STYLE = Automatic;
				COMBINE_HIDPI_IMAGES = YES;
				DEVELOPMENT_TEAM = 82J4AE5QN9;
				INFOPLIST_FILE = ScorseroUITests/Info.plist;
				LD_RUNPATH_SEARCH_PATHS = "$(inherited) @executable_path/../Frameworks @loader_path/../Frameworks";
				PRODUCT_BUNDLE_IDENTIFIER = io.github.scorsero.ScorseroUITests;
				PRODUCT_NAME = "$(TARGET_NAME)";
				SWIFT_VERSION = 4.0;
				TEST_TARGET_NAME = Scorsero;
			};
			name = Release;
		};
/* End XCBuildConfiguration section */

/* Begin XCConfigurationList section */
		711C36F31FB9719D00784EF1 /* Build configuration list for PBXProject "Scorsero" */ = {
			isa = XCConfigurationList;
			buildConfigurations = (
				711C37211FB9719D00784EF1 /* Debug */,
				711C37221FB9719D00784EF1 /* Release */,
			);
			defaultConfigurationIsVisible = 0;
			defaultConfigurationName = Release;
		};
		711C37231FB9719D00784EF1 /* Build configuration list for PBXNativeTarget "Scorsero" */ = {
			isa = XCConfigurationList;
			buildConfigurations = (
				711C37241FB9719D00784EF1 /* Debug */,
				711C37251FB9719D00784EF1 /* Release */,
			);
			defaultConfigurationIsVisible = 0;
			defaultConfigurationName = Release;
		};
		711C37261FB9719D00784EF1 /* Build configuration list for PBXNativeTarget "ScorseroTests" */ = {
			isa = XCConfigurationList;
			buildConfigurations = (
				711C37271FB9719D00784EF1 /* Debug */,
				711C37281FB9719D00784EF1 /* Release */,
			);
			defaultConfigurationIsVisible = 0;
			defaultConfigurationName = Release;
		};
		711C37291FB9719D00784EF1 /* Build configuration list for PBXNativeTarget "ScorseroUITests" */ = {
			isa = XCConfigurationList;
			buildConfigurations = (
				711C372A1FB9719D00784EF1 /* Debug */,
				711C372B1FB9719D00784EF1 /* Release */,
			);
			defaultConfigurationIsVisible = 0;
			defaultConfigurationName = Release;
		};
/* End XCConfigurationList section */

/* Begin XCVersionGroup section */
		711C37011FB9719D00784EF1 /* Document.xcdatamodeld */ = {
			isa = XCVersionGroup;
			children = (
				711C37021FB9719D00784EF1 /* Document.xcdatamodel */,
			);
			currentVersion = 711C37021FB9719D00784EF1 /* Document.xcdatamodel */;
			path = Document.xcdatamodeld;
			sourceTree = "<group>";
			versionGroupType = wrapper.xcdatamodel;
		};
/* End XCVersionGroup section */
	};
	rootObject = 711C36F01FB9719D00784EF1 /* Project object */;
}
